dependencies:
  espressif/cmake_utilities:
    component_hash: 05165f30922b422b4b90c08845e6d449329b97370fbd06309803d8cb539d79e3
    dependencies:
    - name: idf
      require: private
      version: '>=4.1'
    source:
      registry_url: https://components.espressif.com
      type: service
    version: 1.1.1
  espressif/esp_codec_dev:
    component_hash: 0d9e9bc288156eb55f79338d312e1ebf8c9dfbd5e7d13ef0f20ccb031b4e15cf
    dependencies:
    - name: idf
      require: private
      version: '>=4.0'
    source:
      registry_url: https://components.espressif.com/
      type: service
    version: 1.5.4
  espressif/i2c_bus:
    component_hash: 4e990dc11734316186b489b362c61d41f23f79d58bc169795cec215e528cba14
    dependencies:
    - name: espressif/cmake_utilities
      registry_url: https://components.espressif.com
      require: private
      version: '*'
    - name: idf
      require: private
      version: '>=4.0'
    source:
      registry_url: https://components.espressif.com/
      type: service
    version: 1.5.0
  idf:
    source:
      type: idf
    version: 5.5.4
direct_dependencies:
- espressif/esp_codec_dev
- espressif/i2c_bus
- idf
manifest_hash: 5c4cbeab5e1fff1940a96ec6faef2dae16906ae6761f9410af7cb4ce66d9a7cf
target: esp32s3
version: 2.0.0
